{
  "version": 1,
  "dependencies": {
    "net10.0": {
      "Avalonia.Headless": {
        "type": "Direct",
        "requested": "[12.1.0, )",
        "resolved": "12.1.0",
        "contentHash": "wyRPmeYuQrdcgZg5hgbxXbU8+zSvIDH9J2Dk4QmxStHcqrEKhhyGqVvDzAKo99SmTNFUbTBlO7Ql5HMMxqRyeA==",
        "dependencies": {
          "Avalonia": "12.1.0",
          "Avalonia.Fonts.Inter": "12.1.0",
          "Avalonia.HarfBuzz": "12.1.0"
        }
      },
      "coverlet.collector": {
        "type": "Direct",
        "requested": "[6.0.4, )",
        "resolved": "6.0.4",
        "contentHash": "lkhqpF8Pu2Y7IiN7OntbsTtdbpR1syMsm2F3IgX6ootA4ffRqWL5jF7XipHuZQTdVuWG/gVAAcf8mjk8Tz0xPg=="
      },
      "Microsoft.NET.Test.Sdk": {
        "type": "Direct",
        "requested": "[17.14.1, )",
        "resolved": "17.14.1",
        "contentHash": "HJKqKOE+vshXra2aEHpi2TlxYX7Z9VFYkr+E5rwEvHC8eIXiyO+K9kNm8vmNom3e2rA56WqxU+/N9NJlLGXsJQ==",
        "dependencies": {
          "Microsoft.CodeCoverage": "17.14.1",
          "Microsoft.TestPlatform.TestHost": "17.14.1"
        }
      },
      "Moq": {
        "type": "Direct",
        "requested": "[4.20.72, )",
        "resolved": "4.20.72",
        "contentHash": "EA55cjyNn8eTNWrgrdZJH5QLFp2L43oxl1tlkoYUKIE9pRwL784OWiTXeCV5ApS+AMYEAlt7Fo03A2XfouvHmQ==",
        "dependencies": {
          "Castle.Core": "5.1.1"
        }
      },
      "xunit": {
        "type": "Direct",
        "requested": "[2.9.3, )",
        "resolved": "2.9.3",
        "contentHash": "TlXQBinK35LpOPKHAqbLY4xlEen9TBafjs0V5KnA4wZsoQLQJiirCR4CbIXvOH8NzkW4YeJKP5P/Bnrodm0h9Q==",
        "dependencies": {
          "xunit.analyzers": "1.18.0",
          "xunit.assert": "2.9.3",
          "xunit.core": "[2.9.3]"
        }
      },
      "xunit.runner.visualstudio": {
        "type": "Direct",
        "requested": "[3.1.4, )",
        "resolved": "3.1.4",
        "contentHash": "5mj99LvCqrq3CNi06xYdyIAXOEh+5b33F2nErCzI5zWiDdLHXiPXEWFSUAF8zlIv0ZWqjZNCwHTQeAPYbF3pCg=="
      },
      "Avalonia": {
        "type": "Transitive",
        "resolved": "12.1.0",
        "contentHash": "an4ugAy2q6GTdaFl635V8W/LKrWNL+mnSFUprbgyf8m1Zzf9WgoGaF5ajGv5i4gXefMZrzsUPV1QU+kKrgwCWg==",
        "dependencies": {
          "Avalonia.BuildServices": "11.3.2",
          "Avalonia.Remote.Protocol": "12.1.0",
          "MicroCom.Runtime": "0.11.6"
        }
      },
      "Avalonia.Angle.Windows.Natives": {
        "type": "Transitive",
        "resolved": "2.1.27548.20260419",
        "contentHash": "l17nI3XVDN3oMnpjf2pnmJg0YTwK4m6NLsn/itAjDMdObTFxN77D5F1M9sRMSfViSY3KKcse1ROczwgoWLJsnA=="
      },
      "Avalonia.AvaloniaEdit": {
        "type": "Transitive",
        "resolved": "12.0.0",
        "contentHash": "VNfaYdTbiQ2DlSkSMoLg4DhTbQmQR0cFT6nqEqLkaYGLjBWmUdv5BNIuoObK4c9cgzFqnEJXBaOp4R/bxgFKfQ==",
        "dependencies": {
          "Avalonia": "12.0.0"
        }
      },
      "Avalonia.BuildServices": {
        "type": "Transitive",
        "resolved": "11.3.2",
        "contentHash": "qHDToxto1e3hci5YqbG9n0Ty8mlp3zBUN5wT66wKqaDVzXyQ0do3EnRILd4Ke9jpvsktaPpgE0YjEk7hornryQ=="
      },
      "Avalonia.Desktop": {
        "type": "Transitive",
        "resolved": "12.1.0",
        "contentHash": "mxhz50At61IBQbB/bCo5JGp53rPi3GerGO9mFo/v93uBHa4J3cz3NSSqnVWSyQXKbPCwQhrogfEFWbKBgecy1w==",
        "dependencies": {
          "Avalonia": "12.1.0",
          "Avalonia.HarfBuzz": "12.1.0",
          "Avalonia.Native": "12.1.0",
          "Avalonia.Skia": "12.1.0",
          "Avalonia.Win32": "12.1.0",
          "Avalonia.X11": "12.1.0"
        }
      },
      "Avalonia.Fonts.Inter": {
        "type": "Transitive",
        "resolved": "12.1.0",
        "contentHash": "2mK5Rv6aMWgXfQ2JZOq1Wo2bTNAfiidg2GO4b3MgLRN89ezfvfsSfp4P5Pl4ssRcWWwdV0jGzIw8n0xc9B26VA==",
        "dependencies": {
          "Avalonia": "12.1.0"
        }
      },
      "Avalonia.FreeDesktop": {
        "type": "Transitive",
        "resolved": "12.1.0",
        "contentHash": "89mrS7dSYtisJrjQufCOomHeAynlVVKZ+dq4leKtzHXXKVoWsE0Nb2ymiNYPMlirwzwpemflGj+K34opwyLeJQ==",
        "dependencies": {
          "Avalonia": "12.1.0",
          "Tmds.DBus.Protocol": "0.94.1"
        }
      },
      "Avalonia.FreeDesktop.AtSpi": {
        "type": "Transitive",
        "resolved": "12.1.0",
        "contentHash": "WWahMjzKtDl2PGHa8mS6NHIVMT+JNKVIeT5xMLp9SBTMvjHNpEbXTX3PNbbIQ7hRMSETAJ/PAnvgOzatGktEKQ==",
        "dependencies": {
          "Avalonia": "12.1.0"
        }
      },
      "Avalonia.HarfBuzz": {
        "type": "Transitive",
        "resolved": "12.1.0",
        "contentHash": "uWPa/kg+fmqhrUR5GzFC2ZL2MPszxcEy14hTSwu3VhjwTnaVarUozoPmggQjZG4A4s6w2bcGepsYYaCM/eOoMA==",
        "dependencies": {
          "Avalonia": "12.1.0",
          "HarfBuzzSharp": "8.3.1.3",
          "HarfBuzzSharp.NativeAssets.Linux": "8.3.1.3",
          "HarfBuzzSharp.NativeAssets.WebAssembly": "8.3.1.3"
        }
      },
      "Avalonia.Native": {
        "type": "Transitive",
        "resolved": "12.1.0",
        "contentHash": "mfNMtGP7rEVWSZoii0l40mlNhgNR6ZISTvHP7OAMn5YQHiK66EjfN26SL/kLnz1buy2VtMIiGVBbIttL8FYCZg==",
        "dependencies": {
          "Avalonia": "12.1.0"
        }
      },
      "Avalonia.Remote.Protocol": {
        "type": "Transitive",
        "resolved": "12.1.0",
        "contentHash": "p6OKt6O7vOub4TS2pAjaeW0Y13oxrPs4uixeVZpJByiSQKKk+LyApN5yRy2JerpfTMtI86Y5pNwugyKTHZJnAw=="
      },
      "Avalonia.Skia": {
        "type": "Transitive",
        "resolved": "12.1.0",
        "contentHash": "K63pwExQkcjVbsYJOiOq0hYAO4G5d7T42yK8MGNrvwBKv/bJVlV14jGvV4wXcsuYAU8IWlOHgqq5sMUiDfj4vw==",
        "dependencies": {
          "Avalonia": "12.1.0",
          "HarfBuzzSharp": "8.3.1.3",
          "HarfBuzzSharp.NativeAssets.Linux": "8.3.1.3",
          "HarfBuzzSharp.NativeAssets.WebAssembly": "8.3.1.3",
          "SkiaSharp": "3.119.4",
          "SkiaSharp.NativeAssets.Linux": "3.119.4",
          "SkiaSharp.NativeAssets.WebAssembly": "3.119.4"
        }
      },
      "Avalonia.Themes.Fluent": {
        "type": "Transitive",
        "resolved": "12.1.0",
        "contentHash": "MVi5L9HymnNm+gP2aNXNcyrP2iKGJWFubQ5Bv8/Przflxca1aIT9QBpTUV6c3olA9rLYFY7MJRR/C/BZaUhemQ==",
        "dependencies": {
          "Avalonia": "12.1.0"
        }
      },
      "Avalonia.Win32": {
        "type": "Transitive",
        "resolved": "12.1.0",
        "contentHash": "D0xxPtFeOK8cKK991ul92rlFtDO3II0E44dHM0ix4/8LVc9+1LaMdbf1eMnp1RclFwX2bt7HPhbySnrG5uArxA==",
        "dependencies": {
          "Avalonia": "12.1.0",
          "Avalonia.Angle.Windows.Natives": "2.1.27548.20260419"
        }
      },
      "Avalonia.X11": {
        "type": "Transitive",
        "resolved": "12.1.0",
        "contentHash": "6+YHVGf44ictmGj88diMCw9pC9tiwnMlUgosDi0VDmyUQFuy/mJIa4J0rZu6G+UMbjGuyLDQLmtvU4tTOhLMPg==",
        "dependencies": {
          "Avalonia": "12.1.0",
          "Avalonia.FreeDesktop": "12.1.0",
          "Avalonia.FreeDesktop.AtSpi": "12.1.0",
          "Avalonia.Skia": "12.1.0"
        }
      },
      "AvaloniaEdit.TextMate": {
        "type": "Transitive",
        "resolved": "12.0.0",
        "contentHash": "FArIpBB2zcraoYqQIPNkevviNtuzKrA5tEVAAE03PboZMy2recf4TJEXk1BfCw7Oo4fBBh7srUqOdK5RNSUNrg==",
        "dependencies": {
          "Avalonia": "12.0.0",
          "Avalonia.AvaloniaEdit": "12.0.0",
          "TextMateSharp": "2.0.3",
          "TextMateSharp.Grammars": "2.0.3"
        }
      },
      "AvaloniaUI.DiagnosticsSupport": {
        "type": "Transitive",
        "resolved": "2.2.3",
        "contentHash": "kQCInYusi2c9tjd9hV05Lln6Csbo07kiC672M3G7dsalDBe2j+pOk3We2nzdyy5ptQYy/9gQiC8ZaHhb6u/5Kw==",
        "dependencies": {
          "Microsoft.Extensions.Logging.Abstractions": "8.0.0",
          "Microsoft.IO.RecyclableMemoryStream": "3.0.1"
        }
      },
      "Castle.Core": {
        "type": "Transitive",
        "resolved": "5.1.1",
        "contentHash": "rpYtIczkzGpf+EkZgDr9CClTdemhsrwA/W5hMoPjLkRFnXzH44zDLoovXeKtmxb1ykXK9aJVODSpiJml8CTw2g==",
        "dependencies": {
          "System.Diagnostics.EventLog": "6.0.0"
        }
      },
      "CliWrap": {
        "type": "Transitive",
        "resolved": "3.10.2",
        "contentHash": "oW63Lh5Tr2dVRnGSn5UyV2ITAYTdyaGB8r4pGMcz7CwfzketV7ANyn2LvNJtOjXjL/tJbG0qDH8Xwgt3jgGMNg=="
      },
      "ColorDocument.Avalonia": {
        "type": "Transitive",
        "resolved": "12.0.0-a3",
        "contentHash": "2MwW34IORon/fsqIJ99CDKMQ4Ht4xgbAQP93GGKAtXbTWevzmxbtr83IJ7tfRFmkxN3KCcYNhsKJ3JY+oD8KHA==",
        "dependencies": {
          "Avalonia": "12.0.0",
          "ColorTextBlock.Avalonia": "12.0.0-a3"
        }
      },
      "ColorTextBlock.Avalonia": {
        "type": "Transitive",
        "resolved": "12.0.0-a3",
        "contentHash": "atiMWViOXGG4bYBYxR+azVAM5XA53/exUpa3GHBL0Ktu+swS8I2ljmg6uLAqSINyq3KXrDpr2qL8hj0D+5bfPA==",
        "dependencies": {
          "Avalonia": "12.0.0"
        }
      },
      "CommunityToolkit.Mvvm": {
        "type": "Transitive",
        "resolved": "8.4.2",
        "contentHash": "WadCzGEc2U+3e20avRLng4qNtt4zoOGWrdUISqJWrHe3/FSnrYjuM5Sb4yQb09LhkBXrrI4Zt3dLKgRMbItsrg=="
      },
      "DiffPlex": {
        "type": "Transitive",
        "resolved": "1.9.0",
        "contentHash": "Z4IDEH6iOb6d+Y2QUjsbq1Fp5I/kwZzNdr/evBTbCGq+ShAjE4baLm7lX1tfjV2p34QI3V9kctCQziFuuKqeCA=="
      },
      "ExCSS": {
        "type": "Transitive",
        "resolved": "4.3.1",
        "contentHash": "A8UtcghHQlWxPJhJF5bsfEYO7068JHGTuJ7tzyyMjd5fE/N/xY1cVOUhzuLLFwMOCJVnM4mqSQc93W9fGfZ1kA=="
      },
      "HarfBuzzSharp": {
        "type": "Transitive",
        "resolved": "8.3.1.3",
        "contentHash": "NGZ2+ZVNPM+NdHB/asW0/ykWngyHWwcqjrbN2nDeH1B/aptPGlCUl8wkQ2cSJxw5fdWgdmIPmNuTPWpLwNVXWg==",
        "dependencies": {
          "HarfBuzzSharp.NativeAssets.Win32": "8.3.1.3",
          "HarfBuzzSharp.NativeAssets.macOS": "8.3.1.3"
        }
      },
      "HarfBuzzSharp.NativeAssets.Linux": {
        "type": "Transitive",
        "resolved": "8.3.1.3",
        "contentHash": "RI6A1LgmooU30+4QIyFt5rmBCzP0VzTR+587IJSGvYIsHHWlahFufihYxtraLfsIhW7I8dn6+xX+DZGygOPKWQ=="
      },
      "HarfBuzzSharp.NativeAssets.macOS": {
        "type": "Transitive",
        "resolved": "8.3.1.3",
        "contentHash": "KPTq0xnslkI6nAo0jh3ptcQPJvZZr7MWYXa2jUe4SnHc9q+JlHElmNXp0sfFoiTgoCX7WOYpYsurypuH9Gehxw=="
      },
      "HarfBuzzSharp.NativeAssets.WebAssembly": {
        "type": "Transitive",
        "resolved": "8.3.1.3",
        "contentHash": "w2QfdNm9Uz/sUa0B5D+OnVQhyq3G/fBq6ibQMdWBlQqqwh0g0/5j3RFvYqZAmRZ5+RzvjVe8o8SFFnWYUSkuxA=="
      },
      "HarfBuzzSharp.NativeAssets.Win32": {
        "type": "Transitive",
        "resolved": "8.3.1.3",
        "contentHash": "bx8CE8Js+XGX8PUxAHCBDEORt5aaBYtMN4Hr9QFs57Xithh6yjUyYqksizH6eRDhJkwsGI+SXWmPmMm8lZC9Pw=="
      },
      "HexView": {
        "type": "Transitive",
        "resolved": "12.0.0",
        "contentHash": "Zduz+lr4/yLnc5WMXQspR96DZ9q3hZMG1xbGaUuXjBEmto/mru5AvfAtRZfZ7YmhJ8Lkth0thv+pwn+te+3y6w==",
        "dependencies": {
          "Avalonia": "12.0.0"
        }
      },
      "Markdown.Avalonia.SyntaxHigh": {
        "type": "Transitive",
        "resolved": "12.0.0-a3",
        "contentHash": "e68Rdih2WA2GVrS6pJsPUBc70dUb22HZx2QjmOFRQlihXiae+5a5nlIXrb2kbHrPgsiiKyXLqyUZKUST2P8bEQ==",
        "dependencies": {
          "Avalonia": "12.0.0",
          "Avalonia.AvaloniaEdit": "12.0.0"
        }
      },
      "Markdown.Avalonia.Tight": {
        "type": "Transitive",
        "resolved": "12.0.0-a3",
        "contentHash": "ogAS4ZYcMnMgNDPvBAxRQxziL0iCdZHzBurYjqYTkTArVTzVZJ0exzBjStJ2yvfodO2bnTndwrO3Y5IAneRyXw==",
        "dependencies": {
          "Avalonia": "12.0.0",
          "ColorDocument.Avalonia": "12.0.0-a3",
          "ColorTextBlock.Avalonia": "12.0.0-a3"
        }
      },
      "Mermaider": {
        "type": "Transitive",
        "resolved": "0.12.2",
        "contentHash": "GGTKdAUc22Sus45Rkf0oPQjrQq5yOTIaFjXZoo3IBY0HB7Nbn6MyXXrknmdy5YADZBRNK3awV6sw9QY1KXfpfQ==",
        "dependencies": {
          "Microsoft.Extensions.ObjectPool": "10.0.3",
          "Sugiyama": "0.12.2"
        }
      },
      "MicroCom.Runtime": {
        "type": "Transitive",
        "resolved": "0.11.6",
        "contentHash": "NdNWGDiZ6eS/Mf/9+QHR91cj1K7Hy+PX9yrHI/zM7xFYuj9IWT2uxtB6sCHjrnxAeLV9fut1R6zHDUGKX6f9lQ=="
      },
      "Microsoft.CodeCoverage": {
        "type": "Transitive",
        "resolved": "17.14.1",
        "contentHash": "pmTrhfFIoplzFVbhVwUquT+77CbGH+h4/3mBpdmIlYtBi9nAB+kKI6dN3A/nV4DFi3wLLx/BlHIPK+MkbQ6Tpg=="
      },
      "Microsoft.Extensions.DependencyInjection": {
        "type": "Transitive",
        "resolved": "10.0.10",
        "contentHash": "ANyvsgkNBRvcJh2XLgn8veGmajf+8m0AbKK+HPWdRL1yraSNVVSmQhFntLtdz/C795jxqqup+k05cs/3jZQPOA==",
        "dependencies": {
          "Microsoft.Extensions.DependencyInjection.Abstractions": "10.0.10"
        }
      },
      "Microsoft.Extensions.DependencyInjection.Abstractions": {
        "type": "Transitive",
        "resolved": "10.0.10",
        "contentHash": "z/2xXlFw2aLGjHyEm6E0tQ+In6VfzQzTrtArbQ2c0TQE16ZbyDCMGPvaUT9I0s8rgy9sRWlU2P9waW37qV04qA=="
      },
      "Microsoft.Extensions.Logging": {
        "type": "Transitive",
        "resolved": "10.0.10",
        "contentHash": "Tf6z5HsL0VDYRTfvsoNrTGHGheCwkTsZBA2FFh5ATJUbkAwug+FFNISJK2gjpUNemlAOoWllAK52HOWCjto3EQ==",
        "dependencies": {
          "Microsoft.Extensions.DependencyInjection": "10.0.10",
          "Microsoft.Extensions.Logging.Abstractions": "10.0.10",
          "Microsoft.Extensions.Options": "10.0.10"
        }
      },
      "Microsoft.Extensions.Logging.Abstractions": {
        "type": "Transitive",
        "resolved": "10.0.10",
        "contentHash": "zkFxGYUvdxAvIKTyXHrmW+Sux53D4SezD9dMyZ6hrwwzPQJNuwCRy1f5W7AvYTqacEGhWF2XderRQG1OvbV8og==",
        "dependencies": {
          "Microsoft.Extensions.DependencyInjection.Abstractions": "10.0.10"
        }
      },
      "Microsoft.Extensions.Logging.Debug": {
        "type": "Transitive",
        "resolved": "10.0.10",
        "contentHash": "8+TZBnV5fgBXoVNJ5ROSErUwYogk4hOgV7c2HWK1u5cqKGmiUTUn7+KqZ35iQu8e/B7Ykccyz5OTjdXcidNZ9g==",
        "dependencies": {
          "Microsoft.Extensions.DependencyInjection.Abstractions": "10.0.10",
          "Microsoft.Extensions.Logging": "10.0.10",
          "Microsoft.Extensions.Logging.Abstractions": "10.0.10"
        }
      },
      "Microsoft.Extensions.ObjectPool": {
        "type": "Transitive",
        "resolved": "10.0.3",
        "contentHash": "dQKlVXzqflsv5X8iDlAN5YmTL1GcLCrOLKo1s9PNdfjqxeu0S/jmWTfiLGno+8+o1qFL3+VFAH5/ftmypN+sPw=="
      },
      "Microsoft.Extensions.Options": {
        "type": "Transitive",
        "resolved": "10.0.10",
        "contentHash": "srnhnk7nE8krBiIXp71LvBmKBtraBONWSRzdjJgRv1Ko9Mp8IVNqv4vIS9hGeVteBig8aQkva9ZG+sC+o5sVcA==",
        "dependencies": {
          "Microsoft.Extensions.DependencyInjection.Abstractions": "10.0.10",
          "Microsoft.Extensions.Primitives": "10.0.10"
        }
      },
      "Microsoft.Extensions.Primitives": {
        "type": "Transitive",
        "resolved": "10.0.10",
        "contentHash": "5wu/GrYVd8mG2DVUw3vFJzF+O336TyTGg/Kmcgw9bfwYhCoFiV5lR5QeEmKecJyrW4W54nMfD3p3589E8a7czQ=="
      },
      "Microsoft.IO.RecyclableMemoryStream": {
        "type": "Transitive",
        "resolved": "3.0.1",
        "contentHash": "s/s20YTVY9r9TPfTrN5g8zPF1YhwxyqO6PxUkrYTGI2B+OGPe9AdajWZrLhFqXIvqIW23fnUE4+ztrUWNU1+9g=="
      },
      "Microsoft.TestPlatform.ObjectModel": {
        "type": "Transitive",
        "resolved": "17.14.1",
        "contentHash": "xTP1W6Mi6SWmuxd3a+jj9G9UoC850WGwZUps1Wah9r1ZxgXhdJfj1QqDLJkFjHDCvN42qDL2Ps5KjQYWUU0zcQ=="
      },
      "Microsoft.TestPlatform.TestHost": {
        "type": "Transitive",
        "resolved": "17.14.1",
        "contentHash": "d78LPzGKkJwsJXAQwsbJJ7LE7D1wB+rAyhHHAaODF+RDSQ0NgMjDFkSA1Djw18VrxO76GlKAjRUhl+H8NL8Z+Q==",
        "dependencies": {
          "Microsoft.TestPlatform.ObjectModel": "17.14.1",
          "Newtonsoft.Json": "13.0.3"
        }
      },
      "Newtonsoft.Json": {
        "type": "Transitive",
        "resolved": "13.0.3",
        "contentHash": "HrC5BXdl00IP9zeV+0Z848QWPAoCr9P3bDEZguI+gkLcBKAOxix/tLEAAHC+UvDNPv4a2d18lOReHMOagPa+zQ=="
      },
      "Onigwrap": {
        "type": "Transitive",
        "resolved": "1.0.11",
        "contentHash": "5/WAxSYWfiiPzp1X13qqdqjFmYLKDD/U7Vh3WCkKxWG9BjqdrXnQE5fCKCFJX+xWvuYLTxwZIVWBwBWObViE8g=="
      },
      "ShimSkiaSharp": {
        "type": "Transitive",
        "resolved": "5.1.1",
        "contentHash": "yYLSkTgGliFONplDPaSOpmTbV0VhbjHySYAqA3NMJilqPA/OBevX3/4sJ0k4FRhbuI8akyw6O2RMO/xUKwFBxQ=="
      },
      "SkiaSharp": {
        "type": "Transitive",
        "resolved": "3.119.4",
        "contentHash": "53NOSUZ1Us+91Sm0uCkIivh/k7jOowRErZT2sIWwPFN9mLUvdxnE6rS4sWo4255+Rd2MWUSF+j0NMZHD6Cke+Q==",
        "dependencies": {
          "SkiaSharp.NativeAssets.Win32": "3.119.4",
          "SkiaSharp.NativeAssets.macOS": "3.119.4"
        }
      },
      "SkiaSharp.NativeAssets.Linux": {
        "type": "Transitive",
        "resolved": "3.119.4",
        "contentHash": "UAyVzbqNfZsZbKbzj68zXLyUyF/SbTKmzTfOO6qDu++dtIUMMTzPBe8oOuzU/DiewpfKoUUlOSsJmqWc6blxBw=="
      },
      "SkiaSharp.NativeAssets.macOS": {
        "type": "Transitive",
        "resolved": "3.119.4",
        "contentHash": "fgBOWEqbY012x7gMfJU4ezgz6dfhJb30Z6YdW35h85Zoe39+a8YNbAAwL29ihPfWoppg5AjvyKNzD1oCvlqWwA=="
      },
      "SkiaSharp.NativeAssets.WebAssembly": {
        "type": "Transitive",
        "resolved": "3.119.4",
        "contentHash": "S1HOxtBbD4bYDtA2e9WH5TX+lxqRrTPvKjrjttRhxnHNNu7YY8VFo/LeCP7tNqoTA6PV+8vsvNbmRUEC2ip8RQ=="
      },
      "SkiaSharp.NativeAssets.Win32": {
        "type": "Transitive",
        "resolved": "3.119.4",
        "contentHash": "XOpbx/4CReO2wYsq2s6rbvdauc6dntG4Zv499sHGTJ87bwZaFXszFkwql3+FIZMc8kUPeaj3Mx2ezIJmo8a1Kg=="
      },
      "Sugiyama": {
        "type": "Transitive",
        "resolved": "0.12.2",
        "contentHash": "zctOh0QNzLLzrkaV9WJO15bLCQ2Fvl4Lf/zEoFaMeoD244B9pTXiHEikM3PXkj+CniiOwJg6uYNL/ZDaNWAJ0w=="
      },
      "Svg.Animation": {
        "type": "Transitive",
        "resolved": "5.1.1",
        "contentHash": "HUaU5Pa1fvE2CcYMHhA6nQH+4dcJsDEJ5feYfVoO3ha0u506ugOR0gR1fKHANIwEapYs20nLJQHLb39DK/pJlg==",
        "dependencies": {
          "ShimSkiaSharp": "5.1.1",
          "SkiaSharp": "3.119.2",
          "Svg.Custom": "5.1.1",
          "Svg.Model": "5.1.1"
        }
      },
      "Svg.Custom": {
        "type": "Transitive",
        "resolved": "5.1.1",
        "contentHash": "i53zvhuauElnLtGzezyfzpAs/zJ3UaexqT+JuAQTL6yC5ym1nQXTnjntDhY4qrouJ5elGjEwjag1nzfdPPPGSQ==",
        "dependencies": {
          "ExCSS": "4.3.1"
        }
      },
      "Svg.Model": {
        "type": "Transitive",
        "resolved": "5.1.1",
        "contentHash": "j9j4kqKL5Girwr/2qwzzDRJ7CDXvGipchbNQfxmmUAk70JG3/6mXaF/QJLiIat6p6NU38MBYaOSilVuqaZuC5w==",
        "dependencies": {
          "ShimSkiaSharp": "5.1.1",
          "Svg.Custom": "5.1.1"
        }
      },
      "Svg.SceneGraph": {
        "type": "Transitive",
        "resolved": "5.1.1",
        "contentHash": "p0ti8uOikN7aEg/KDq042xBbWijbOl2sITWMpO9vJ2KEaBeB8jouTDQTK7QssMs8DynR1+FxOsn7WEftXF0jow==",
        "dependencies": {
          "ShimSkiaSharp": "5.1.1",
          "Svg.Custom": "5.1.1",
          "Svg.Model": "5.1.1"
        }
      },
      "Svg.Skia": {
        "type": "Transitive",
        "resolved": "5.1.1",
        "contentHash": "zBcxwGQlEOE1HKFOmcGl/Sl/0aeRajRv/yEE5lRFQqufhIERuuzCHmq6xWK0fyeA+B1uufOR/h5+MHGMatJz4w==",
        "dependencies": {
          "HarfBuzzSharp": "8.3.1.3",
          "HarfBuzzSharp.NativeAssets.Linux": "8.3.1.3",
          "HarfBuzzSharp.NativeAssets.Win32": "8.3.1.3",
          "HarfBuzzSharp.NativeAssets.macOS": "8.3.1.3",
          "SkiaSharp": "3.119.2",
          "Svg.Animation": "5.1.1",
          "Svg.Custom": "5.1.1",
          "Svg.Model": "5.1.1",
          "Svg.SceneGraph": "5.1.1"
        }
      },
      "System.Diagnostics.EventLog": {
        "type": "Transitive",
        "resolved": "6.0.0",
        "contentHash": "lcyUiXTsETK2ALsZrX+nWuHSIQeazhqPphLfaRxzdGaG93+0kELqpgEHtwWOlQe7+jSFnKwaCAgL4kjeZCQJnw=="
      },
      "TextMateSharp": {
        "type": "Transitive",
        "resolved": "2.0.4",
        "contentHash": "5Pvn+A4zb1IF+ACAVhgw1aGf9kTyx6j7v5hdup7nCS89Nzby8KQAlCfQ54VC/GAsEoQwh4zKa5MKlAaql8nkPg==",
        "dependencies": {
          "Onigwrap": "1.0.11"
        }
      },
      "TextMateSharp.Grammars": {
        "type": "Transitive",
        "resolved": "2.0.4",
        "contentHash": "jzOY00q5u5Vs4L9n2m2PnRZDGwWt2uwkOLh7qlVdCx1kkGSn5eaW5XgnYCyTzEbsCwLV2xlEolnNkr/wuIMAbA==",
        "dependencies": {
          "TextMateSharp": "2.0.4"
        }
      },
      "Tmds.DBus.Protocol": {
        "type": "Transitive",
        "resolved": "0.94.1",
        "contentHash": "11YMr7FnAbL83bQmVxlhbIKHvSLxjO81D12Ej0QMSGXMDTxNA9MTOa4MQxx43nv5el/efuPHwzyrj6a5ha2gug=="
      },
      "xunit.abstractions": {
        "type": "Transitive",
        "resolved": "2.0.3",
        "contentHash": "pot1I4YOxlWjIb5jmwvvQNbTrZ3lJQ+jUGkGjWE3hEFM0l5gOnBWS+H3qsex68s5cO52g+44vpGzhAt+42vwKg=="
      },
      "xunit.analyzers": {
        "type": "Transitive",
        "resolved": "1.18.0",
        "contentHash": "OtFMHN8yqIcYP9wcVIgJrq01AfTxijjAqVDy/WeQVSyrDC1RzBWeQPztL49DN2syXRah8TYnfvk035s7L95EZQ=="
      },
      "xunit.assert": {
        "type": "Transitive",
        "resolved": "2.9.3",
        "contentHash": "/Kq28fCE7MjOV42YLVRAJzRF0WmEqsmflm0cfpMjGtzQ2lR5mYVj1/i0Y8uDAOLczkL3/jArrwehfMD0YogMAA=="
      },
      "xunit.core": {
        "type": "Transitive",
        "resolved": "2.9.3",
        "contentHash": "BiAEvqGvyme19wE0wTKdADH+NloYqikiU0mcnmiNyXaF9HyHmE6sr/3DC5vnBkgsWaE6yPyWszKSPSApWdRVeQ==",
        "dependencies": {
          "xunit.extensibility.core": "[2.9.3]",
          "xunit.extensibility.execution": "[2.9.3]"
        }
      },
      "xunit.extensibility.core": {
        "type": "Transitive",
        "resolved": "2.9.3",
        "contentHash": "kf3si0YTn2a8J8eZNb+zFpwfoyvIrQ7ivNk5ZYA5yuYk1bEtMe4DxJ2CF/qsRgmEnDr7MnW1mxylBaHTZ4qErA==",
        "dependencies": {
          "xunit.abstractions": "2.0.3"
        }
      },
      "xunit.extensibility.execution": {
        "type": "Transitive",
        "resolved": "2.9.3",
        "contentHash": "yMb6vMESlSrE3Wfj7V6cjQ3S4TXdXpRqYeNEI3zsX31uTsGMJjEw6oD5F5u1cHnMptjhEECnmZSsPxB6ChZHDQ==",
        "dependencies": {
          "xunit.extensibility.core": "[2.9.3]"
        }
      },
      "AutoDev": {
        "type": "Project",
        "dependencies": {
          "Avalonia": "[12.1.0, )",
          "Avalonia.AvaloniaEdit": "[12.0.0, )",
          "Avalonia.Desktop": "[12.1.0, )",
          "Avalonia.Fonts.Inter": "[12.1.0, )",
          "Avalonia.Themes.Fluent": "[12.1.0, )",
          "AvaloniaEdit.TextMate": "[12.0.0, )",
          "AvaloniaUI.DiagnosticsSupport": "[2.2.3, )",
          "CliWrap": "[3.10.2, )",
          "CommunityToolkit.Mvvm": "[8.4.2, )",
          "DiffPlex": "[1.9.0, )",
          "HexView": "[12.0.0, )",
          "Markdown.Avalonia.SyntaxHigh": "[12.0.0-a3, )",
          "Markdown.Avalonia.Tight": "[12.0.0-a3, )",
          "Mermaider": "[0.12.2, )",
          "Microsoft.Extensions.DependencyInjection": "[10.0.10, )",
          "Microsoft.Extensions.Logging": "[10.0.10, )",
          "Microsoft.Extensions.Logging.Abstractions": "[10.0.10, )",
          "Microsoft.Extensions.Logging.Debug": "[10.0.10, )",
          "Svg.Skia": "[5.1.1, )",
          "TextMateSharp.Grammars": "[2.0.4, )"
        }
      }
    }
  }
}